
Microsoft Visual Studio Solution File, Format Version 12.00
# Visual Studio Version 17
VisualStudioVersion = 17.1.32421.90
MinimumVisualStudioVersion = 10.0.40219.1
Project("{FAE04EC0-301F-11D3-BF4B-00C04F79EFBC}") = "SharpEventPersist", "SharpEventPersist.csproj", "{27F85701-FD37-4D18-A107-20E914F8E779}"
EndProject
Global
	GlobalSection(SolutionConfigurationPlatforms) = preSolution
		Debug|Any CPU = Debug|Any CPU
		Release|Any CPU = Release|Any CPU
	EndGlobalSection
	GlobalSection(ProjectConfigurationPlatforms) = postSolution
		{27F85701-FD37-4D18-A107-20E914F8E779}.Debug|Any CPU.ActiveCfg = Debug|Any CPU
		{27F85701-FD37-4D18-A107-20E914F8E779}.Debug|Any CPU.Build.0 = Debug|Any CPU
		{27F85701-FD37-4D18-A107-20E914F8E779}.Release|Any CPU.ActiveCfg = Release|Any CPU
		{27F85701-FD37-4D18-A107-20E914F8E779}.Release|Any CPU.Build.0 = Release|Any CPU
	EndGlobalSection
	GlobalSection(SolutionProperties) = preSolution
		HideSolutionNode = FALSE
	EndGlobalSection
	GlobalSection(ExtensibilityGlobals) = postSolution
		SolutionGuid = {4E7B5ED6-EB80-4676-B860-E36A8EC15596}
	EndGlobalSection
EndGlobal
